
Microsoft Visual Studio Solution File, Format Version 12.00
# Visual Studio 15
VisualStudioVersion = 15.0.28307.136
MinimumVisualStudioVersion = 10.0.40219.1
Project("{FAE04EC0-301F-11D3-BF4B-00C04F79EFBC}") = "PASS", "PASS.csproj", "{DC0E6C5F-4764-4EF4-BEA5-508593BDDD27}"
EndProject
Global
	GlobalSection(SolutionConfigurationPlatforms) = preSolution
		Debug|Any CPU = Debug|Any CPU
		Release|Any CPU = Release|Any CPU
	EndGlobalSection
	GlobalSection(ProjectConfigurationPlatforms) = postSolution
		{DC0E6C5F-4764-4EF4-BEA5-508593BDDD27}.Debug|Any CPU.ActiveCfg = Debug|Any CPU
		{DC0E6C5F-4764-4EF4-BEA5-508593BDDD27}.Debug|Any CPU.Build.0 = Debug|Any CPU
		{DC0E6C5F-4764-4EF4-BEA5-508593BDDD27}.Release|Any CPU.ActiveCfg = Release|Any CPU
		{DC0E6C5F-4764-4EF4-BEA5-508593BDDD27}.Release|Any CPU.Build.0 = Release|Any CPU
	EndGlobalSection
	GlobalSection(SolutionProperties) = preSolution
		HideSolutionNode = FALSE
	EndGlobalSection
	GlobalSection(ExtensibilityGlobals) = postSolution
		SolutionGuid = {775298D9-E2D2-4498-8FAF-FF26E0679F9C}
	EndGlobalSection
EndGlobal
