
Microsoft Visual Studio Solution File, Format Version 12.00
# Visual Studio 15
VisualStudioVersion = 15.0.28010.2046
MinimumVisualStudioVersion = 10.0.40219.1
Project("{FAE04EC0-301F-11D3-BF4B-00C04F79EFBC}") = "SCRAPE", "SCRAPE\SCRAPE.csproj", "{00FD3EF8-5205-40E9-8634-23998DBA06F5}"
EndProject
Project("{FAE04EC0-301F-11D3-BF4B-00C04F79EFBC}") = "ScrapeTest", "ScrapeTest\ScrapeTest.csproj", "{1284896C-9FBA-49A7-83B8-5FD431AF2A0A}"
EndProject
Global
	GlobalSection(SolutionConfigurationPlatforms) = preSolution
		Debug|Any CPU = Debug|Any CPU
		Release|Any CPU = Release|Any CPU
	EndGlobalSection
	GlobalSection(ProjectConfigurationPlatforms) = postSolution
		{00FD3EF8-5205-40E9-8634-23998DBA06F5}.Debug|Any CPU.ActiveCfg = Debug|Any CPU
		{00FD3EF8-5205-40E9-8634-23998DBA06F5}.Debug|Any CPU.Build.0 = Debug|Any CPU
		{00FD3EF8-5205-40E9-8634-23998DBA06F5}.Release|Any CPU.ActiveCfg = Release|Any CPU
		{00FD3EF8-5205-40E9-8634-23998DBA06F5}.Release|Any CPU.Build.0 = Release|Any CPU
		{1284896C-9FBA-49A7-83B8-5FD431AF2A0A}.Debug|Any CPU.ActiveCfg = Debug|Any CPU
		{1284896C-9FBA-49A7-83B8-5FD431AF2A0A}.Debug|Any CPU.Build.0 = Debug|Any CPU
		{1284896C-9FBA-49A7-83B8-5FD431AF2A0A}.Release|Any CPU.ActiveCfg = Release|Any CPU
		{1284896C-9FBA-49A7-83B8-5FD431AF2A0A}.Release|Any CPU.Build.0 = Release|Any CPU
	EndGlobalSection
	GlobalSection(SolutionProperties) = preSolution
		HideSolutionNode = FALSE
	EndGlobalSection
	GlobalSection(ExtensibilityGlobals) = postSolution
		SolutionGuid = {895F796E-AC25-4871-B894-1AB3827FE5CF}
	EndGlobalSection
EndGlobal
