
Microsoft Visual Studio Solution File, Format Version 12.00
# Visual Studio 15
VisualStudioVersion = 15.0.28010.2046
MinimumVisualStudioVersion = 10.0.40219.1
Project("{FAE04EC0-301F-11D3-BF4B-00C04F79EFBC}") = "NUM", "NUM\NUM.csproj", "{47FB7A5A-0DC3-4431-9B10-428E250D9891}"
EndProject
Global
	GlobalSection(SolutionConfigurationPlatforms) = preSolution
		Debug|Any CPU = Debug|Any CPU
		Release|Any CPU = Release|Any CPU
	EndGlobalSection
	GlobalSection(ProjectConfigurationPlatforms) = postSolution
		{47FB7A5A-0DC3-4431-9B10-428E250D9891}.Debug|Any CPU.ActiveCfg = Debug|Any CPU
		{47FB7A5A-0DC3-4431-9B10-428E250D9891}.Debug|Any CPU.Build.0 = Debug|Any CPU
		{47FB7A5A-0DC3-4431-9B10-428E250D9891}.Release|Any CPU.ActiveCfg = Release|Any CPU
		{47FB7A5A-0DC3-4431-9B10-428E250D9891}.Release|Any CPU.Build.0 = Release|Any CPU
	EndGlobalSection
	GlobalSection(SolutionProperties) = preSolution
		HideSolutionNode = FALSE
	EndGlobalSection
	GlobalSection(ExtensibilityGlobals) = postSolution
		SolutionGuid = {0CA95289-B503-44BB-BA6D-C20B12D10A9E}
	EndGlobalSection
EndGlobal
