
Microsoft Visual Studio Solution File, Format Version 12.00
# Visual Studio 15
VisualStudioVersion = 15.0.28010.2046
MinimumVisualStudioVersion = 10.0.40219.1
Project("{9A19103F-16F7-4668-BE54-9A1E7A4F7556}") = "WaamAPI", "WaamAPI\WaamAPI.csproj", "{F219C8F1-35A8-4D9C-8C06-9181BAC1FDF4}"
EndProject
Global
	GlobalSection(SolutionConfigurationPlatforms) = preSolution
		Debug|Any CPU = Debug|Any CPU
		Release|Any CPU = Release|Any CPU
	EndGlobalSection
	GlobalSection(ProjectConfigurationPlatforms) = postSolution
		{F219C8F1-35A8-4D9C-8C06-9181BAC1FDF4}.Debug|Any CPU.ActiveCfg = Debug|Any CPU
		{F219C8F1-35A8-4D9C-8C06-9181BAC1FDF4}.Debug|Any CPU.Build.0 = Debug|Any CPU
		{F219C8F1-35A8-4D9C-8C06-9181BAC1FDF4}.Release|Any CPU.ActiveCfg = Release|Any CPU
		{F219C8F1-35A8-4D9C-8C06-9181BAC1FDF4}.Release|Any CPU.Build.0 = Release|Any CPU
	EndGlobalSection
	GlobalSection(SolutionProperties) = preSolution
		HideSolutionNode = FALSE
	EndGlobalSection
	GlobalSection(ExtensibilityGlobals) = postSolution
		SolutionGuid = {C4164987-D1CD-4523-B54F-E58894791AE6}
	EndGlobalSection
EndGlobal
